
Microsoft Visual Studio Solution File, Format Version 12.00
# Visual Studio 15
Project("{FAE04EC0-301F-11D3-BF4B-00C04F79EFBC}") = "Assembly-CSharp", "Assembly-CSharp.csproj", "{C0067A98-9B70-4285-1C75-7565DE1016DE}"
EndProject
Global
	GlobalSection(SolutionConfigurationPlatforms) = preSolution
		Debug|Any CPU = Debug|Any CPU
		Release|Any CPU = Release|Any CPU
	EndGlobalSection
	GlobalSection(ProjectConfigurationPlatforms) = postSolution
		{C0067A98-9B70-4285-1C75-7565DE1016DE}.Debug|Any CPU.ActiveCfg = Debug|Any CPU
		{C0067A98-9B70-4285-1C75-7565DE1016DE}.Debug|Any CPU.Build.0 = Debug|Any CPU
		{C0067A98-9B70-4285-1C75-7565DE1016DE}.Release|Any CPU.ActiveCfg = Release|Any CPU
		{C0067A98-9B70-4285-1C75-7565DE1016DE}.Release|Any CPU.Build.0 = Release|Any CPU
	EndGlobalSection
	GlobalSection(SolutionProperties) = preSolution
		HideSolutionNode = FALSE
	EndGlobalSection
EndGlobal
